
Microsoft Visual Studio Solution File, Format Version 12.00
# Visual Studio Version 17
VisualStudioVersion = 17.13.35913.81 d17.13
MinimumVisualStudioVersion = 10.0.40219.1
Project("{FAE04EC0-301F-11D3-BF4B-00C04F79EFBC}") = "Rafedd", "Rafedd\Rafedd.csproj", "{0E04E254-F42A-439B-ADBB-16FEF299FAD2}"
EndProject
Project("{FAE04EC0-301F-11D3-BF4B-00C04F79EFBC}") = "BLL", "BLL\BLL.csproj", "{44F0FA94-424A-4648-989B-C3B172323650}"
EndProject
Project("{FAE04EC0-301F-11D3-BF4B-00C04F79EFBC}") = "DAL", "DAL\DAL.csproj", "{EC3278AD-C607-41BA-B0B8-AE5A71B14166}"
EndProject
Project("{FAE04EC0-301F-11D3-BF4B-00C04F79EFBC}") = "Shared", "Shared\Shared.csproj", "{A335D46F-9C65-41F7-9FFD-9944AE1DDF26}"
EndProject
Global
	GlobalSection(SolutionConfigurationPlatforms) = preSolution
		Debug|Any CPU = Debug|Any CPU
		Release|Any CPU = Release|Any CPU
	EndGlobalSection
	GlobalSection(ProjectConfigurationPlatforms) = postSolution
		{0E04E254-F42A-439B-ADBB-16FEF299FAD2}.Debug|Any CPU.ActiveCfg = Debug|Any CPU
		{0E04E254-F42A-439B-ADBB-16FEF299FAD2}.Debug|Any CPU.Build.0 = Debug|Any CPU
		{0E04E254-F42A-439B-ADBB-16FEF299FAD2}.Release|Any CPU.ActiveCfg = Release|Any CPU
		{0E04E254-F42A-439B-ADBB-16FEF299FAD2}.Release|Any CPU.Build.0 = Release|Any CPU
		{44F0FA94-424A-4648-989B-C3B172323650}.Debug|Any CPU.ActiveCfg = Debug|Any CPU
		{44F0FA94-424A-4648-989B-C3B172323650}.Debug|Any CPU.Build.0 = Debug|Any CPU
		{44F0FA94-424A-4648-989B-C3B172323650}.Release|Any CPU.ActiveCfg = Release|Any CPU
		{44F0FA94-424A-4648-989B-C3B172323650}.Release|Any CPU.Build.0 = Release|Any CPU
		{EC3278AD-C607-41BA-B0B8-AE5A71B14166}.Debug|Any CPU.ActiveCfg = Debug|Any CPU
		{EC3278AD-C607-41BA-B0B8-AE5A71B14166}.Debug|Any CPU.Build.0 = Debug|Any CPU
		{EC3278AD-C607-41BA-B0B8-AE5A71B14166}.Release|Any CPU.ActiveCfg = Release|Any CPU
		{EC3278AD-C607-41BA-B0B8-AE5A71B14166}.Release|Any CPU.Build.0 = Release|Any CPU
		{A335D46F-9C65-41F7-9FFD-9944AE1DDF26}.Debug|Any CPU.ActiveCfg = Debug|Any CPU
		{A335D46F-9C65-41F7-9FFD-9944AE1DDF26}.Debug|Any CPU.Build.0 = Debug|Any CPU
		{A335D46F-9C65-41F7-9FFD-9944AE1DDF26}.Release|Any CPU.ActiveCfg = Release|Any CPU
		{A335D46F-9C65-41F7-9FFD-9944AE1DDF26}.Release|Any CPU.Build.0 = Release|Any CPU
	EndGlobalSection
	GlobalSection(SolutionProperties) = preSolution
		HideSolutionNode = FALSE
	EndGlobalSection
	GlobalSection(ExtensibilityGlobals) = postSolution
		SolutionGuid = {A30ECE0A-2732-4A57-9F68-954F57FB7E37}
	EndGlobalSection
EndGlobal
